<?xml version="1.0" encoding="utf-8"?>
<Project ToolsVersion="12.0" xmlns="http://schemas.microsoft.com/developer/msbuild/2003">
  <ItemGroup>
    <Filter Include="Común">
      <UniqueIdentifier>748e0cad-859d-42d9-a9b3-efc4973aebf8</UniqueIdentifier>
    </Filter>
    <Filter Include="Activos">
      <UniqueIdentifier>725052dd-2c92-4cfc-8b19-ebf56d624847</UniqueIdentifier>
      <Extensions>bmp;fbx;gif;jpg;jpeg;tga;tiff;tif;png</Extensions>
    </Filter>
    <Image Include="Assets\Logo.scale-100.png">
      <Filter>Activos</Filter>
    </Image>
    <Image Include="Assets\SmallLogo.scale-100.png">
      <Filter>Activos</Filter>
    </Image>
    <Image Include="Assets\StoreLogo.scale-100.png">
      <Filter>Activos</Filter>
    </Image>
    <Image Include="Assets\SplashScreen.scale-100.png">
      <Filter>Activos</Filter>
    </Image>
  </ItemGroup>
</Project>
